// !$*UTF8*$!
{
	archiveVersion = 1;
	classes = {
	};
	objectVersion = 46;
	objects = {

/* Begin PBXBuildFile section */
		462AE34C1AF49B9E003B76B8 /* AppDelegate.swift in Sources */ = {isa = PBXBuildFile; fileRef = 462AE34B1AF49B9E003B76B8 /* AppDelegate.swift */; };
		462AE34E1AF49B9E003B76B8 /* ViewController.swift in Sources */ = {isa = PBXBuildFile; fileRef = 462AE34D1AF49B9E003B76B8 /* ViewController.swift */; };
		462AE3511AF49B9E003B76B8 /* Main.storyboard in Resources */ = {isa = PBXBuildFile; fileRef = 462AE34F1AF49B9E003B76B8 /* Main.storyboard */; };
		462AE3531AF49B9E003B76B8 /* Images.xcassets in Resources */ = {isa = PBXBuildFile; fileRef = 462AE3521AF49B9E003B76B8 /* Images.xcassets */; };
		462AE3561AF49B9E003B76B8 /* LaunchScreen.xib in Resources */ = {isa = PBXBuildFile; fileRef = 462AE3541AF49B9E003B76B8 /* LaunchScreen.xib */; };
		462AE3621AF49B9E003B76B8 /* GASEasyAPIClientTests.swift in Sources */ = {isa = PBXBuildFile; fileRef = 462AE3611AF49B9E003B76B8 /* GASEasyAPIClientTests.swift */; };
/* End PBXBuildFile section */

/* Begin PBXContainerItemProxy section */
		462AE35C1AF49B9E003B76B8 /* PBXContainerItemProxy */ = {
			isa = PBXContainerItemProxy;
			containerPortal = 462AE33E1AF49B9E003B76B8 /* Project object */;
			proxyType = 1;
			remoteGlobalIDString = 462AE3451AF49B9E003B76B8;
			remoteInfo = GASEasyAPIClient;
		};
/* End PBXContainerItemProxy section */

/* Begin PBXFileReference section */
		462AE3461AF49B9E003B76B8 /* GASEasyAPIClient.app */ = {isa = PBXFileReference; explicitFileType = wrapper.application; includeInIndex = 0; path = GASEasyAPIClient.app; sourceTree = BUILT_PRODUCTS_DIR; };
		462AE34A1AF49B9E003B76B8 /* Info.plist */ = {isa = PBXFileReference; lastKnownFileType = text.plist.xml; path = Info.plist; sourceTree = "<group>"; };
		462AE34B1AF49B9E003B76B8 /* AppDelegate.swift */ = {isa = PBXFileReference; lastKnownFileType = sourcecode.swift; path = AppDelegate.swift; sourceTree = "<group>"; };
		462AE34D1AF49B9E003B76B8 /* ViewController.swift */ = {isa = PBXFileReference; lastKnownFileType = sourcecode.swift; path = ViewController.swift; sourceTree = "<group>"; };
		462AE3501AF49B9E003B76B8 /* Base */ = {isa = PBXFileReference; lastKnownFileType = file.storyboard; name = Base; path = Base.lproj/Main.storyboard; sourceTree = "<group>"; };
		462AE3521AF49B9E003B76B8 /* Images.xcassets */ = {isa = PBXFileReference; lastKnownFileType = folder.assetcatalog; path = Images.xcassets; sourceTree = "<group>"; };
		462AE3551AF49B9E003B76B8 /* Base */ = {isa = PBXFileReference; lastKnownFileType = file.xib; name = Base; path = Base.lproj/LaunchScreen.xib; sourceTree = "<group>"; };
		462AE35B1AF49B9E003B76B8 /* GASEasyAPIClientTests.xctest */ = {isa = PBXFileReference; explicitFileType = wrapper.cfbundle; includeInIndex = 0; path = GASEasyAPIClientTests.xctest; sourceTree = BUILT_PRODUCTS_DIR; };
		462AE3601AF49B9E003B76B8 /* Info.plist */ = {isa = PBXFileReference; lastKnownFileType = text.plist.xml; path = Info.plist; sourceTree = "<group>"; };
		462AE3611AF49B9E003B76B8 /* GASEasyAPIClientTests.swift */ = {isa = PBXFileReference; lastKnownFileType = sourcecode.swift; path = GASEasyAPIClientTests.swift; sourceTree = "<group>"; };
/* End PBXFileReference section */

/* Begin PBXFrameworksBuildPhase section */
		462AE3431AF49B9E003B76B8 /* Frameworks */ = {
			isa = PBXFrameworksBuildPhase;
			buildActionMask = 2147483647;
			files = (
			);
			runOnlyForDeploymentPostprocessing = 0;
		};
		462AE3581AF49B9E003B76B8 /* Frameworks */ = {
			isa = PBXFrameworksBuildPhase;
			buildActionMask = 2147483647;
			files = (
			);
			runOnlyForDeploymentPostprocessing = 0;
		};
/* End PBXFrameworksBuildPhase section */

/* Begin PBXGroup section */
		462AE33D1AF49B9E003B76B8 = {
			isa = PBXGroup;
			children = (
				462AE3481AF49B9E003B76B8 /* GASEasyAPIClient */,
				462AE35E1AF49B9E003B76B8 /* GASEasyAPIClientTests */,
				462AE3471AF49B9E003B76B8 /* Products */,
			);
			sourceTree = "<group>";
		};
		462AE3471AF49B9E003B76B8 /* Products */ = {
			isa = PBXGroup;
			children = (
				462AE3461AF49B9E003B76B8 /* GASEasyAPIClient.app */,
				462AE35B1AF49B9E003B76B8 /* GASEasyAPIClientTests.xctest */,
			);
			name = Products;
			sourceTree = "<group>";
		};
		462AE3481AF49B9E003B76B8 /* GASEasyAPIClient */ = {
			isa = PBXGroup;
			children = (
				462AE34B1AF49B9E003B76B8 /* AppDelegate.swift */,
				462AE34D1AF49B9E003B76B8 /* ViewController.swift */,
				462AE34F1AF49B9E003B76B8 /* Main.storyboard */,
				462AE3521AF49B9E003B76B8 /* Images.xcassets */,
				462AE3541AF49B9E003B76B8 /* LaunchScreen.xib */,
				462AE3491AF49B9E003B76B8 /* Supporting Files */,
			);
			path = GASEasyAPIClient;
			sourceTree = "<group>";
		};
		462AE3491AF49B9E003B76B8 /* Supporting Files */ = {
			isa = PBXGroup;
			children = (
				462AE34A1AF49B9E003B76B8 /* Info.plist */,
			);
			name = "Supporting Files";
			sourceTree = "<group>";
		};
		462AE35E1AF49B9E003B76B8 /* GASEasyAPIClientTests */ = {
			isa = PBXGroup;
			children = (
				462AE3611AF49B9E003B76B8 /* GASEasyAPIClientTests.swift */,
				462AE35F1AF49B9E003B76B8 /* Supporting Files */,
			);
			path = GASEasyAPIClientTests;
			sourceTree = "<group>";
		};
		462AE35F1AF49B9E003B76B8 /* Supporting Files */ = {
			isa = PBXGroup;
			children = (
				462AE3601AF49B9E003B76B8 /* Info.plist */,
			);
			name = "Supporting Files";
			sourceTree = "<group>";
		};
/* End PBXGroup section */

/* Begin PBXNativeTarget section */
		462AE3451AF49B9E003B76B8 /* GASEasyAPIClient */ = {
			isa = PBXNativeTarget;
			buildConfigurationList = 462AE3651AF49B9E003B76B8 /* Build configuration list for PBXNativeTarget "GASEasyAPIClient" */;
			buildPhases = (
				462AE3421AF49B9E003B76B8 /* Sources */,
				462AE3431AF49B9E003B76B8 /* Frameworks */,
				462AE3441AF49B9E003B76B8 /* Resources */,
			);
			buildRules = (
			);
			dependencies = (
			);
			name = GASEasyAPIClient;
			productName = GASEasyAPIClient;
			productReference = 462AE3461AF49B9E003B76B8 /* GASEasyAPIClient.app */;
			productType = "com.apple.product-type.application";
		};
		462AE35A1AF49B9E003B76B8 /* GASEasyAPIClientTests */ = {
			isa = PBXNativeTarget;
			buildConfigurationList = 462AE3681AF49B9E003B76B8 /* Build configuration list for PBXNativeTarget "GASEasyAPIClientTests" */;
			buildPhases = (
				462AE3571AF49B9E003B76B8 /* Sources */,
				462AE3581AF49B9E003B76B8 /* Frameworks */,
				462AE3591AF49B9E003B76B8 /* Resources */,
			);
			buildRules = (
			);
			dependencies = (
				462AE35D1AF49B9E003B76B8 /* PBXTargetDependency */,
			);
			name = GASEasyAPIClientTests;
			productName = GASEasyAPIClientTests;
			productReference = 462AE35B1AF49B9E003B76B8 /* GASEasyAPIClientTests.xctest */;
			productType = "com.apple.product-type.bundle.unit-test";
		};
/* End PBXNativeTarget section */

/* Begin PBXProject section */
		462AE33E1AF49B9E003B76B8 /* Project object */ = {
			isa = PBXProject;
			attributes = {
				LastUpgradeCheck = 0630;
				ORGANIZATIONNAME = mitolab;
				TargetAttributes = {
					462AE3451AF49B9E003B76B8 = {
						CreatedOnToolsVersion = 6.3;
					};
					462AE35A1AF49B9E003B76B8 = {
						CreatedOnToolsVersion = 6.3;
						TestTargetID = 462AE3451AF49B9E003B76B8;
					};
				};
			};
			buildConfigurationList = 462AE3411AF49B9E003B76B8 /* Build configuration list for PBXProject "GASEasyAPIClient" */;
			compatibilityVersion = "Xcode 3.2";
			developmentRegion = English;
			hasScannedForEncodings = 0;
			knownRegions = (
				en,
				Base,
			);
			mainGroup = 462AE33D1AF49B9E003B76B8;
			productRefGroup = 462AE3471AF49B9E003B76B8 /* Products */;
			projectDirPath = "";
			projectRoot = "";
			targets = (
				462AE3451AF49B9E003B76B8 /* GASEasyAPIClient */,
				462AE35A1AF49B9E003B76B8 /* GASEasyAPIClientTests */,
			);
		};
/* End PBXProject section */

/* Begin PBXResourcesBuildPhase section */
		462AE3441AF49B9E003B76B8 /* Resources */ = {
			isa = PBXResourcesBuildPhase;
			buildActionMask = 2147483647;
			files = (
				462AE3511AF49B9E003B76B8 /* Main.storyboard in Resources */,
				462AE3561AF49B9E003B76B8 /* LaunchScreen.xib in Resources */,
				462AE3531AF49B9E003B76B8 /* Images.xcassets in Resources */,
			);
			runOnlyForDeploymentPostprocessing = 0;
		};
		462AE3591AF49B9E003B76B8 /* Resources */ = {
			isa = PBXResourcesBuildPhase;
			buildActionMask = 2147483647;
			files = (
			);
			runOnlyForDeploymentPostprocessing = 0;
		};
/* End PBXResourcesBuildPhase section */

/* Begin PBXSourcesBuildPhase section */
		462AE3421AF49B9E003B76B8 /* Sources */ = {
			isa = PBXSourcesBuildPhase;
			buildActionMask = 2147483647;
			files = (
				462AE34E1AF49B9E003B76B8 /* ViewController.swift in Sources */,
				462AE34C1AF49B9E003B76B8 /* AppDelegate.swift in Sources */,
			);
			runOnlyForDeploymentPostprocessing = 0;
		};
		462AE3571AF49B9E003B76B8 /* Sources */ = {
			isa = PBXSourcesBuildPhase;
			buildActionMask = 2147483647;
			files = (
				462AE3621AF49B9E003B76B8 /* GASEasyAPIClientTests.swift in Sources */,
			);
			runOnlyForDeploymentPostprocessing = 0;
		};
/* End PBXSourcesBuildPhase section */

/* Begin PBXTargetDependency section */
		462AE35D1AF49B9E003B76B8 /* PBXTargetDependency */ = {
			isa = PBXTargetDependency;
			target = 462AE3451AF49B9E003B76B8 /* GASEasyAPIClient */;
			targetProxy = 462AE35C1AF49B9E003B76B8 /* PBXContainerItemProxy */;
		};
/* End PBXTargetDependency section */

/* Begin PBXVariantGroup section */
		462AE34F1AF49B9E003B76B8 /* Main.storyboard */ = {
			isa = PBXVariantGroup;
			children = (
				462AE3501AF49B9E003B76B8 /* Base */,
			);
			name = Main.storyboard;
			sourceTree = "<group>";
		};
		462AE3541AF49B9E003B76B8 /* LaunchScreen.xib */ = {
			isa = PBXVariantGroup;
			children = (
				462AE3551AF49B9E003B76B8 /* Base */,
			);
			name = LaunchScreen.xib;
			sourceTree = "<group>";
		};
/* End PBXVariantGroup section */

/* Begin XCBuildConfiguration section */
		462AE3631AF49B9E003B76B8 /* Debug */ = {
			isa = XCBuildConfiguration;
			buildSettings = {
				ALWAYS_SEARCH_USER_PATHS = NO;
				CLANG_CXX_LANGUAGE_STANDARD = "gnu++0x";
				CLANG_CXX_LIBRARY = "libc++";
				CLANG_ENABLE_MODULES = YES;
				CLANG_ENABLE_OBJC_ARC = YES;
				CLANG_WARN_BOOL_CONVERSION = YES;
				CLANG_WARN_CONSTANT_CONVERSION = YES;
				CLANG_WARN_DIRECT_OBJC_ISA_USAGE = YES_ERROR;
				CLANG_WARN_EMPTY_BODY = YES;
				CLANG_WARN_ENUM_CONVERSION = YES;
				CLANG_WARN_INT_CONVERSION = YES;
				CLANG_WARN_OBJC_ROOT_CLASS = YES_ERROR;
				CLANG_WARN_UNREACHABLE_CODE = YES;
				CLANG_WARN__DUPLICATE_METHOD_MATCH = YES;
				"CODE_SIGN_IDENTITY[sdk=iphoneos*]" = "iPhone Developer";
				COPY_PHASE_STRIP = NO;
				DEBUG_INFORMATION_FORMAT = "dwarf-with-dsym";
				ENABLE_STRICT_OBJC_MSGSEND = YES;
				GCC_C_LANGUAGE_STANDARD = gnu99;
				GCC_DYNAMIC_NO_PIC = NO;
				GCC_NO_COMMON_BLOCKS = YES;
				GCC_OPTIMIZATION_LEVEL = 0;
				GCC_PREPROCESSOR_DEFINITIONS = (
					"DEBUG=1",
					"$(inherited)",
				);
				GCC_SYMBOLS_PRIVATE_EXTERN = NO;
				GCC_WARN_64_TO_32_BIT_CONVERSION = YES;
				GCC_WARN_ABOUT_RETURN_TYPE = YES_ERROR;
				GCC_WARN_UNDECLARED_SELECTOR = YES;
				GCC_WARN_UNINITIALIZED_AUTOS = YES_AGGRESSIVE;
				GCC_WARN_UNUSED_FUNCTION = YES;
				GCC_WARN_UNUSED_VARIABLE = YES;
				IPHONEOS_DEPLOYMENT_TARGET = 8.3;
				MTL_ENABLE_DEBUG_INFO = YES;
				ONLY_ACTIVE_ARCH = YES;
				SDKROOT = iphoneos;
				SWIFT_OPTIMIZATION_LEVEL = "-Onone";
				TARGETED_DEVICE_FAMILY = "1,2";
			};
			name = Debug;
		};
		462AE3641AF49B9E003B76B8 /* Release */ = {
			isa = XCBuildConfiguration;
			buildSettings = {
				ALWAYS_SEARCH_USER_PATHS = NO;
				CLANG_CXX_LANGUAGE_STANDARD = "gnu++0x";
				CLANG_CXX_LIBRARY = "libc++";
				CLANG_ENABLE_MODULES = YES;
				CLANG_ENABLE_OBJC_ARC = YES;
				CLANG_WARN_BOOL_CONVERSION = YES;
				CLANG_WARN_CONSTANT_CONVERSION = YES;
				CLANG_WARN_DIRECT_OBJC_ISA_USAGE = YES_ERROR;
				CLANG_WARN_EMPTY_BODY = YES;
				CLANG_WARN_ENUM_CONVERSION = YES;
				CLANG_WARN_INT_CONVERSION = YES;
				CLANG_WARN_OBJC_ROOT_CLASS = YES_ERROR;
				CLANG_WARN_UNREACHABLE_CODE = YES;
				CLANG_WARN__DUPLICATE_METHOD_MATCH = YES;
				"CODE_SIGN_IDENTITY[sdk=iphoneos*]" = "iPhone Developer";
				COPY_PHASE_STRIP = NO;
				DEBUG_INFORMATION_FORMAT = "dwarf-with-dsym";
				ENABLE_NS_ASSERTIONS = NO;
				ENABLE_STRICT_OBJC_MSGSEND = YES;
				GCC_C_LANGUAGE_STANDARD = gnu99;
				GCC_NO_COMMON_BLOCKS = YES;
				GCC_WARN_64_TO_32_BIT_CONVERSION = YES;
				GCC_WARN_ABOUT_RETURN_TYPE = YES_ERROR;
				GCC_WARN_UNDECLARED_SELECTOR = YES;
				GCC_WARN_UNINITIALIZED_AUTOS = YES_AGGRESSIVE;
				GCC_WARN_UNUSED_FUNCTION = YES;
				GCC_WARN_UNUSED_VARIABLE = YES;
				IPHONEOS_DEPLOYMENT_TARGET = 8.3;
				MTL_ENABLE_DEBUG_INFO = NO;
				SDKROOT = iphoneos;
				TARGETED_DEVICE_FAMILY = "1,2";
				VALIDATE_PRODUCT = YES;
			};
			name = Release;
		};
		462AE3661AF49B9E003B76B8 /* Debug */ = {
			isa = XCBuildConfiguration;
			buildSettings = {
				ASSETCATALOG_COMPILER_APPICON_NAME = AppIcon;
				INFOPLIST_FILE = GASEasyAPIClient/Info.plist;
				LD_RUNPATH_SEARCH_PATHS = "$(inherited) @executable_path/Frameworks";
				PRODUCT_NAME = "$(TARGET_NAME)";
			};
			name = Debug;
		};
		462AE3671AF49B9E003B76B8 /* Release */ = {
			isa = XCBuildConfiguration;
			buildSettings = {
				ASSETCATALOG_COMPILER_APPICON_NAME = AppIcon;
				INFOPLIST_FILE = GASEasyAPIClient/Info.plist;
				LD_RUNPATH_SEARCH_PATHS = "$(inherited) @executable_path/Frameworks";
				PRODUCT_NAME = "$(TARGET_NAME)";
			};
			name = Release;
		};
		462AE3691AF49B9E003B76B8 /* Debug */ = {
			isa = XCBuildConfiguration;
			buildSettings = {
				BUNDLE_LOADER = "$(TEST_HOST)";
				FRAMEWORK_SEARCH_PATHS = (
					"$(SDKROOT)/Developer/Library/Frameworks",
					"$(inherited)",
				);
				GCC_PREPROCESSOR_DEFINITIONS = (
					"DEBUG=1",
					"$(inherited)",
				);
				INFOPLIST_FILE = GASEasyAPIClientTests/Info.plist;
				LD_RUNPATH_SEARCH_PATHS = "$(inherited) @executable_path/Frameworks @loader_path/Frameworks";
				PRODUCT_NAME = "$(TARGET_NAME)";
				TEST_HOST = "$(BUILT_PRODUCTS_DIR)/GASEasyAPIClient.app/GASEasyAPIClient";
			};
			name = Debug;
		};
		462AE36A1AF49B9E003B76B8 /* Release */ = {
			isa = XCBuildConfiguration;
			buildSettings = {
				BUNDLE_LOADER = "$(TEST_HOST)";
				FRAMEWORK_SEARCH_PATHS = (
					"$(SDKROOT)/Developer/Library/Frameworks",
					"$(inherited)",
				);
				INFOPLIST_FILE = GASEasyAPIClientTests/Info.plist;
				LD_RUNPATH_SEARCH_PATHS = "$(inherited) @executable_path/Frameworks @loader_path/Frameworks";
				PRODUCT_NAME = "$(TARGET_NAME)";
				TEST_HOST = "$(BUILT_PRODUCTS_DIR)/GASEasyAPIClient.app/GASEasyAPIClient";
			};
			name = Release;
		};
/* End XCBuildConfiguration section */

/* Begin XCConfigurationList section */
		462AE3411AF49B9E003B76B8 /* Build configuration list for PBXProject "GASEasyAPIClient" */ = {
			isa = XCConfigurationList;
			buildConfigurations = (
				462AE3631AF49B9E003B76B8 /* Debug */,
				462AE3641AF49B9E003B76B8 /* Release */,
			);
			defaultConfigurationIsVisible = 0;
			defaultConfigurationName = Release;
		};
		462AE3651AF49B9E003B76B8 /* Build configuration list for PBXNativeTarget "GASEasyAPIClient" */ = {
			isa = XCConfigurationList;
			buildConfigurations = (
				462AE3661AF49B9E003B76B8 /* Debug */,
				462AE3671AF49B9E003B76B8 /* Release */,
			);
			defaultConfigurationIsVisible = 0;
		};
		462AE3681AF49B9E003B76B8 /* Build configuration list for PBXNativeTarget "GASEasyAPIClientTests" */ = {
			isa = XCConfigurationList;
			buildConfigurations = (
				462AE3691AF49B9E003B76B8 /* Debug */,
				462AE36A1AF49B9E003B76B8 /* Release */,
			);
			defaultConfigurationIsVisible = 0;
		};
/* End XCConfigurationList section */
	};
	rootObject = 462AE33E1AF49B9E003B76B8 /* Project object */;
}
